
Microsoft Visual Studio Solution File, Format Version 12.00
# Visual Studio Version 17
VisualStudioVersion = 17.13.35931.197 d17.13
MinimumVisualStudioVersion = 10.0.40219.1
Project("{FAE04EC0-301F-11D3-BF4B-00C04F79EFBC}") = "Dizi_FilmV20", "Dizi_FilmV20\Dizi_FilmV20.csproj", "{621BF790-8382-43AB-A78B-63325C40EFD6}"
EndProject
Global
	GlobalSection(SolutionConfigurationPlatforms) = preSolution
		Debug|Any CPU = Debug|Any CPU
		Release|Any CPU = Release|Any CPU
	EndGlobalSection
	GlobalSection(ProjectConfigurationPlatforms) = postSolution
		{621BF790-8382-43AB-A78B-63325C40EFD6}.Debug|Any CPU.ActiveCfg = Debug|Any CPU
		{621BF790-8382-43AB-A78B-63325C40EFD6}.Debug|Any CPU.Build.0 = Debug|Any CPU
		{621BF790-8382-43AB-A78B-63325C40EFD6}.Release|Any CPU.ActiveCfg = Release|Any CPU
		{621BF790-8382-43AB-A78B-63325C40EFD6}.Release|Any CPU.Build.0 = Release|Any CPU
	EndGlobalSection
	GlobalSection(SolutionProperties) = preSolution
		HideSolutionNode = FALSE
	EndGlobalSection
	GlobalSection(ExtensibilityGlobals) = postSolution
		SolutionGuid = {B956BBDE-DE31-4460-BF60-D791E4235DAE}
	EndGlobalSection
EndGlobal
